
Microsoft Visual Studio Solution File, Format Version 12.00
# Visual Studio Version 16
VisualStudioVersion = 16.0.30517.126
MinimumVisualStudioVersion = 10.0.40219.1
Project("{FAE04EC0-301F-11D3-BF4B-00C04F79EFBC}") = "RockPaperScissors", "RockPaperScissors.csproj", "{A8210E1D-FB5C-4052-B3CE-AB18F6521890}"
EndProject
Global
	GlobalSection(SolutionConfigurationPlatforms) = preSolution
		Debug|Any CPU = Debug|Any CPU
		Release|Any CPU = Release|Any CPU
	EndGlobalSection
	GlobalSection(ProjectConfigurationPlatforms) = postSolution
		{A8210E1D-FB5C-4052-B3CE-AB18F6521890}.Debug|Any CPU.ActiveCfg = Debug|Any CPU
		{A8210E1D-FB5C-4052-B3CE-AB18F6521890}.Debug|Any CPU.Build.0 = Debug|Any CPU
		{A8210E1D-FB5C-4052-B3CE-AB18F6521890}.Release|Any CPU.ActiveCfg = Release|Any CPU
		{A8210E1D-FB5C-4052-B3CE-AB18F6521890}.Release|Any CPU.Build.0 = Release|Any CPU
	EndGlobalSection
	GlobalSection(SolutionProperties) = preSolution
		HideSolutionNode = FALSE
	EndGlobalSection
	GlobalSection(ExtensibilityGlobals) = postSolution
		SolutionGuid = {01E23B8D-8AF2-4595-9BBF-30465848F455}
	EndGlobalSection
EndGlobal
